// !$*UTF8*$!
{
	archiveVersion = 1;
	classes = {
	};
	objectVersion = 56;
	objects = {

/* Begin PBXBuildFile section */
		5049C9C82A29BD5600213485 /* AppDelegate.swift in Sources */ = {isa = PBXBuildFile; fileRef = 5049C9C72A29BD5600213485 /* AppDelegate.swift */; };
		5049C9CA2A29BD5600213485 /* SceneDelegate.swift in Sources */ = {isa = PBXBuildFile; fileRef = 5049C9C92A29BD5600213485 /* SceneDelegate.swift */; };
		5049C9CC2A29BD5600213485 /* ViewController.swift in Sources */ = {isa = PBXBuildFile; fileRef = 5049C9CB2A29BD5600213485 /* ViewController.swift */; };
		5049C9CF2A29BD5600213485 /* Main.storyboard in Resources */ = {isa = PBXBuildFile; fileRef = 5049C9CD2A29BD5600213485 /* Main.storyboard */; };
		5049C9D12A29BD5800213485 /* Assets.xcassets in Resources */ = {isa = PBXBuildFile; fileRef = 5049C9D02A29BD5800213485 /* Assets.xcassets */; };
		5049C9D42A29BD5800213485 /* LaunchScreen.storyboard in Resources */ = {isa = PBXBuildFile; fileRef = 5049C9D22A29BD5800213485 /* LaunchScreen.storyboard */; };
		5049C9DF2A29BD5800213485 /* WeatherAppTests.swift in Sources */ = {isa = PBXBuildFile; fileRef = 5049C9DE2A29BD5800213485 /* WeatherAppTests.swift */; };
		5049C9E92A29BD5800213485 /* WeatherAppUITests.swift in Sources */ = {isa = PBXBuildFile; fileRef = 5049C9E82A29BD5800213485 /* WeatherAppUITests.swift */; };
		5049C9EB2A29BD5800213485 /* WeatherAppUITestsLaunchTests.swift in Sources */ = {isa = PBXBuildFile; fileRef = 5049C9EA2A29BD5800213485 /* WeatherAppUITestsLaunchTests.swift */; };
		50FB70D92A29FAF30061D108 /* AppConstants.swift in Sources */ = {isa = PBXBuildFile; fileRef = 50FB70D82A29FAF20061D108 /* AppConstants.swift */; };
		50FB70DF2A29FB6E0061D108 /* ServiceError.swift in Sources */ = {isa = PBXBuildFile; fileRef = 50FB70DA2A29FB6E0061D108 /* ServiceError.swift */; };
		50FB70E02A29FB6E0061D108 /* WebService.swift in Sources */ = {isa = PBXBuildFile; fileRef = 50FB70DB2A29FB6E0061D108 /* WebService.swift */; };
		50FB70E12A29FB6E0061D108 /* HttpMethod.swift in Sources */ = {isa = PBXBuildFile; fileRef = 50FB70DC2A29FB6E0061D108 /* HttpMethod.swift */; };
		50FB70E22A29FB6E0061D108 /* ApiClient.swift in Sources */ = {isa = PBXBuildFile; fileRef = 50FB70DD2A29FB6E0061D108 /* ApiClient.swift */; };
		50FB70E32A29FB6E0061D108 /* ApiRequest.swift in Sources */ = {isa = PBXBuildFile; fileRef = 50FB70DE2A29FB6E0061D108 /* ApiRequest.swift */; };
/* End PBXBuildFile section */

/* Begin PBXContainerItemProxy section */
		5049C9DB2A29BD5800213485 /* PBXContainerItemProxy */ = {
			isa = PBXContainerItemProxy;
			containerPortal = 5049C9BC2A29BD5600213485 /* Project object */;
			proxyType = 1;
			remoteGlobalIDString = 5049C9C32A29BD5600213485;
			remoteInfo = WeatherApp;
		};
		5049C9E52A29BD5800213485 /* PBXContainerItemProxy */ = {
			isa = PBXContainerItemProxy;
			containerPortal = 5049C9BC2A29BD5600213485 /* Project object */;
			proxyType = 1;
			remoteGlobalIDString = 5049C9C32A29BD5600213485;
			remoteInfo = WeatherApp;
		};
/* End PBXContainerItemProxy section */

/* Begin PBXFileReference section */
		5049C9C42A29BD5600213485 /* WeatherApp.app */ = {isa = PBXFileReference; explicitFileType = wrapper.application; includeInIndex = 0; path = WeatherApp.app; sourceTree = BUILT_PRODUCTS_DIR; };
		5049C9C72A29BD5600213485 /* AppDelegate.swift */ = {isa = PBXFileReference; lastKnownFileType = sourcecode.swift; path = AppDelegate.swift; sourceTree = "<group>"; };
		5049C9C92A29BD5600213485 /* SceneDelegate.swift */ = {isa = PBXFileReference; lastKnownFileType = sourcecode.swift; path = SceneDelegate.swift; sourceTree = "<group>"; };
		5049C9CB2A29BD5600213485 /* ViewController.swift */ = {isa = PBXFileReference; lastKnownFileType = sourcecode.swift; path = ViewController.swift; sourceTree = "<group>"; };
		5049C9CE2A29BD5600213485 /* Base */ = {isa = PBXFileReference; lastKnownFileType = file.storyboard; name = Base; path = Base.lproj/Main.storyboard; sourceTree = "<group>"; };
		5049C9D02A29BD5800213485 /* Assets.xcassets */ = {isa = PBXFileReference; lastKnownFileType = folder.assetcatalog; path = Assets.xcassets; sourceTree = "<group>"; };
		5049C9D32A29BD5800213485 /* Base */ = {isa = PBXFileReference; lastKnownFileType = file.storyboard; name = Base; path = Base.lproj/LaunchScreen.storyboard; sourceTree = "<group>"; };
		5049C9D52A29BD5800213485 /* Info.plist */ = {isa = PBXFileReference; lastKnownFileType = text.plist.xml; path = Info.plist; sourceTree = "<group>"; };
		5049C9DA2A29BD5800213485 /* WeatherAppTests.xctest */ = {isa = PBXFileReference; explicitFileType = wrapper.cfbundle; includeInIndex = 0; path = WeatherAppTests.xctest; sourceTree = BUILT_PRODUCTS_DIR; };
		5049C9DE2A29BD5800213485 /* WeatherAppTests.swift */ = {isa = PBXFileReference; lastKnownFileType = sourcecode.swift; path = WeatherAppTests.swift; sourceTree = "<group>"; };
		5049C9E42A29BD5800213485 /* WeatherAppUITests.xctest */ = {isa = PBXFileReference; explicitFileType = wrapper.cfbundle; includeInIndex = 0; path = WeatherAppUITests.xctest; sourceTree = BUILT_PRODUCTS_DIR; };
		5049C9E82A29BD5800213485 /* WeatherAppUITests.swift */ = {isa = PBXFileReference; lastKnownFileType = sourcecode.swift; path = WeatherAppUITests.swift; sourceTree = "<group>"; };
		5049C9EA2A29BD5800213485 /* WeatherAppUITestsLaunchTests.swift */ = {isa = PBXFileReference; lastKnownFileType = sourcecode.swift; path = WeatherAppUITestsLaunchTests.swift; sourceTree = "<group>"; };
		50FB70D82A29FAF20061D108 /* AppConstants.swift */ = {isa = PBXFileReference; fileEncoding = 4; lastKnownFileType = sourcecode.swift; path = AppConstants.swift; sourceTree = "<group>"; };
		50FB70DA2A29FB6E0061D108 /* ServiceError.swift */ = {isa = PBXFileReference; fileEncoding = 4; lastKnownFileType = sourcecode.swift; path = ServiceError.swift; sourceTree = "<group>"; };
		50FB70DB2A29FB6E0061D108 /* WebService.swift */ = {isa = PBXFileReference; fileEncoding = 4; lastKnownFileType = sourcecode.swift; path = WebService.swift; sourceTree = "<group>"; };
		50FB70DC2A29FB6E0061D108 /* HttpMethod.swift */ = {isa = PBXFileReference; fileEncoding = 4; lastKnownFileType = sourcecode.swift; path = HttpMethod.swift; sourceTree = "<group>"; };
		50FB70DD2A29FB6E0061D108 /* ApiClient.swift */ = {isa = PBXFileReference; fileEncoding = 4; lastKnownFileType = sourcecode.swift; path = ApiClient.swift; sourceTree = "<group>"; };
		50FB70DE2A29FB6E0061D108 /* ApiRequest.swift */ = {isa = PBXFileReference; fileEncoding = 4; lastKnownFileType = sourcecode.swift; path = ApiRequest.swift; sourceTree = "<group>"; };
/* End PBXFileReference section */

/* Begin PBXFrameworksBuildPhase section */
		5049C9C12A29BD5600213485 /* Frameworks */ = {
			isa = PBXFrameworksBuildPhase;
			buildActionMask = 2147483647;
			files = (
			);
			runOnlyForDeploymentPostprocessing = 0;
		};
		5049C9D72A29BD5800213485 /* Frameworks */ = {
			isa = PBXFrameworksBuildPhase;
			buildActionMask = 2147483647;
			files = (
			);
			runOnlyForDeploymentPostprocessing = 0;
		};
		5049C9E12A29BD5800213485 /* Frameworks */ = {
			isa = PBXFrameworksBuildPhase;
			buildActionMask = 2147483647;
			files = (
			);
			runOnlyForDeploymentPostprocessing = 0;
		};
/* End PBXFrameworksBuildPhase section */

/* Begin PBXGroup section */
		50323A062A29FA43004259C7 /* Network */ = {
			isa = PBXGroup;
			children = (
				50FB70DD2A29FB6E0061D108 /* ApiClient.swift */,
				50FB70DE2A29FB6E0061D108 /* ApiRequest.swift */,
				50FB70DC2A29FB6E0061D108 /* HttpMethod.swift */,
				50FB70DA2A29FB6E0061D108 /* ServiceError.swift */,
				50FB70DB2A29FB6E0061D108 /* WebService.swift */,
			);
			path = Network;
			sourceTree = "<group>";
		};
		5049C9BB2A29BD5600213485 = {
			isa = PBXGroup;
			children = (
				5049C9C62A29BD5600213485 /* WeatherApp */,
				5049C9DD2A29BD5800213485 /* WeatherAppTests */,
				5049C9E72A29BD5800213485 /* WeatherAppUITests */,
				5049C9C52A29BD5600213485 /* Products */,
			);
			sourceTree = "<group>";
		};
		5049C9C52A29BD5600213485 /* Products */ = {
			isa = PBXGroup;
			children = (
				5049C9C42A29BD5600213485 /* WeatherApp.app */,
				5049C9DA2A29BD5800213485 /* WeatherAppTests.xctest */,
				5049C9E42A29BD5800213485 /* WeatherAppUITests.xctest */,
			);
			name = Products;
			sourceTree = "<group>";
		};
		5049C9C62A29BD5600213485 /* WeatherApp */ = {
			isa = PBXGroup;
			children = (
				5049C9C72A29BD5600213485 /* AppDelegate.swift */,
				5049C9C92A29BD5600213485 /* SceneDelegate.swift */,
				50FB70D72A29FAE30061D108 /* Utilities */,
				50323A062A29FA43004259C7 /* Network */,
				5049C9CB2A29BD5600213485 /* ViewController.swift */,
				5049C9CD2A29BD5600213485 /* Main.storyboard */,
				5049C9D02A29BD5800213485 /* Assets.xcassets */,
				5049C9D22A29BD5800213485 /* LaunchScreen.storyboard */,
				5049C9D52A29BD5800213485 /* Info.plist */,
			);
			path = WeatherApp;
			sourceTree = "<group>";
		};
		5049C9DD2A29BD5800213485 /* WeatherAppTests */ = {
			isa = PBXGroup;
			children = (
				5049C9DE2A29BD5800213485 /* WeatherAppTests.swift */,
			);
			path = WeatherAppTests;
			sourceTree = "<group>";
		};
		5049C9E72A29BD5800213485 /* WeatherAppUITests */ = {
			isa = PBXGroup;
			children = (
				5049C9E82A29BD5800213485 /* WeatherAppUITests.swift */,
				5049C9EA2A29BD5800213485 /* WeatherAppUITestsLaunchTests.swift */,
			);
			path = WeatherAppUITests;
			sourceTree = "<group>";
		};
		50FB70D72A29FAE30061D108 /* Utilities */ = {
			isa = PBXGroup;
			children = (
				50FB70D82A29FAF20061D108 /* AppConstants.swift */,
			);
			path = Utilities;
			sourceTree = "<group>";
		};
/* End PBXGroup section */

/* Begin PBXNativeTarget section */
		5049C9C32A29BD5600213485 /* WeatherApp */ = {
			isa = PBXNativeTarget;
			buildConfigurationList = 5049C9EE2A29BD5800213485 /* Build configuration list for PBXNativeTarget "WeatherApp" */;
			buildPhases = (
				5049C9C02A29BD5600213485 /* Sources */,
				5049C9C12A29BD5600213485 /* Frameworks */,
				5049C9C22A29BD5600213485 /* Resources */,
			);
			buildRules = (
			);
			dependencies = (
			);
			name = WeatherApp;
			productName = WeatherApp;
			productReference = 5049C9C42A29BD5600213485 /* WeatherApp.app */;
			productType = "com.apple.product-type.application";
		};
		5049C9D92A29BD5800213485 /* WeatherAppTests */ = {
			isa = PBXNativeTarget;
			buildConfigurationList = 5049C9F12A29BD5800213485 /* Build configuration list for PBXNativeTarget "WeatherAppTests" */;
			buildPhases = (
				5049C9D62A29BD5800213485 /* Sources */,
				5049C9D72A29BD5800213485 /* Frameworks */,
				5049C9D82A29BD5800213485 /* Resources */,
			);
			buildRules = (
			);
			dependencies = (
				5049C9DC2A29BD5800213485 /* PBXTargetDependency */,
			);
			name = WeatherAppTests;
			productName = WeatherAppTests;
			productReference = 5049C9DA2A29BD5800213485 /* WeatherAppTests.xctest */;
			productType = "com.apple.product-type.bundle.unit-test";
		};
		5049C9E32A29BD5800213485 /* WeatherAppUITests */ = {
			isa = PBXNativeTarget;
			buildConfigurationList = 5049C9F42A29BD5800213485 /* Build configuration list for PBXNativeTarget "WeatherAppUITests" */;
			buildPhases = (
				5049C9E02A29BD5800213485 /* Sources */,
				5049C9E12A29BD5800213485 /* Frameworks */,
				5049C9E22A29BD5800213485 /* Resources */,
			);
			buildRules = (
			);
			dependencies = (
				5049C9E62A29BD5800213485 /* PBXTargetDependency */,
			);
			name = WeatherAppUITests;
			productName = WeatherAppUITests;
			productReference = 5049C9E42A29BD5800213485 /* WeatherAppUITests.xctest */;
			productType = "com.apple.product-type.bundle.ui-testing";
		};
/* End PBXNativeTarget section */

/* Begin PBXProject section */
		5049C9BC2A29BD5600213485 /* Project object */ = {
			isa = PBXProject;
			attributes = {
				BuildIndependentTargetsInParallel = 1;
				LastSwiftUpdateCheck = 1430;
				LastUpgradeCheck = 1430;
				TargetAttributes = {
					5049C9C32A29BD5600213485 = {
						CreatedOnToolsVersion = 14.3;
					};
					5049C9D92A29BD5800213485 = {
						CreatedOnToolsVersion = 14.3;
						TestTargetID = 5049C9C32A29BD5600213485;
					};
					5049C9E32A29BD5800213485 = {
						CreatedOnToolsVersion = 14.3;
						TestTargetID = 5049C9C32A29BD5600213485;
					};
				};
			};
			buildConfigurationList = 5049C9BF2A29BD5600213485 /* Build configuration list for PBXProject "WeatherApp" */;
			compatibilityVersion = "Xcode 14.0";
			developmentRegion = en;
			hasScannedForEncodings = 0;
			knownRegions = (
				en,
				Base,
			);
			mainGroup = 5049C9BB2A29BD5600213485;
			productRefGroup = 5049C9C52A29BD5600213485 /* Products */;
			projectDirPath = "";
			projectRoot = "";
			targets = (
				5049C9C32A29BD5600213485 /* WeatherApp */,
				5049C9D92A29BD5800213485 /* WeatherAppTests */,
				5049C9E32A29BD5800213485 /* WeatherAppUITests */,
			);
		};
/* End PBXProject section */

/* Begin PBXResourcesBuildPhase section */
		5049C9C22A29BD5600213485 /* Resources */ = {
			isa = PBXResourcesBuildPhase;
			buildActionMask = 2147483647;
			files = (
				5049C9D42A29BD5800213485 /* LaunchScreen.storyboard in Resources */,
				5049C9D12A29BD5800213485 /* Assets.xcassets in Resources */,
				5049C9CF2A29BD5600213485 /* Main.storyboard in Resources */,
			);
			runOnlyForDeploymentPostprocessing = 0;
		};
		5049C9D82A29BD5800213485 /* Resources */ = {
			isa = PBXResourcesBuildPhase;
			buildActionMask = 2147483647;
			files = (
			);
			runOnlyForDeploymentPostprocessing = 0;
		};
		5049C9E22A29BD5800213485 /* Resources */ = {
			isa = PBXResourcesBuildPhase;
			buildActionMask = 2147483647;
			files = (
			);
			runOnlyForDeploymentPostprocessing = 0;
		};
/* End PBXResourcesBuildPhase section */

/* Begin PBXSourcesBuildPhase section */
		5049C9C02A29BD5600213485 /* Sources */ = {
			isa = PBXSourcesBuildPhase;
			buildActionMask = 2147483647;
			files = (
				50FB70E02A29FB6E0061D108 /* WebService.swift in Sources */,
				50FB70DF2A29FB6E0061D108 /* ServiceError.swift in Sources */,
				5049C9CC2A29BD5600213485 /* ViewController.swift in Sources */,
				50FB70E22A29FB6E0061D108 /* ApiClient.swift in Sources */,
				50FB70E12A29FB6E0061D108 /* HttpMethod.swift in Sources */,
				50FB70E32A29FB6E0061D108 /* ApiRequest.swift in Sources */,
				5049C9C82A29BD5600213485 /* AppDelegate.swift in Sources */,
				5049C9CA2A29BD5600213485 /* SceneDelegate.swift in Sources */,
				50FB70D92A29FAF30061D108 /* AppConstants.swift in Sources */,
			);
			runOnlyForDeploymentPostprocessing = 0;
		};
		5049C9D62A29BD5800213485 /* Sources */ = {
			isa = PBXSourcesBuildPhase;
			buildActionMask = 2147483647;
			files = (
				5049C9DF2A29BD5800213485 /* WeatherAppTests.swift in Sources */,
			);
			runOnlyForDeploymentPostprocessing = 0;
		};
		5049C9E02A29BD5800213485 /* Sources */ = {
			isa = PBXSourcesBuildPhase;
			buildActionMask = 2147483647;
			files = (
				5049C9E92A29BD5800213485 /* WeatherAppUITests.swift in Sources */,
				5049C9EB2A29BD5800213485 /* WeatherAppUITestsLaunchTests.swift in Sources */,
			);
			runOnlyForDeploymentPostprocessing = 0;
		};
/* End PBXSourcesBuildPhase section */

/* Begin PBXTargetDependency section */
		5049C9DC2A29BD5800213485 /* PBXTargetDependency */ = {
			isa = PBXTargetDependency;
			target = 5049C9C32A29BD5600213485 /* WeatherApp */;
			targetProxy = 5049C9DB2A29BD5800213485 /* PBXContainerItemProxy */;
		};
		5049C9E62A29BD5800213485 /* PBXTargetDependency */ = {
			isa = PBXTargetDependency;
			target = 5049C9C32A29BD5600213485 /* WeatherApp */;
			targetProxy = 5049C9E52A29BD5800213485 /* PBXContainerItemProxy */;
		};
/* End PBXTargetDependency section */

/* Begin PBXVariantGroup section */
		5049C9CD2A29BD5600213485 /* Main.storyboard */ = {
			isa = PBXVariantGroup;
			children = (
				5049C9CE2A29BD5600213485 /* Base */,
			);
			name = Main.storyboard;
			sourceTree = "<group>";
		};
		5049C9D22A29BD5800213485 /* LaunchScreen.storyboard */ = {
			isa = PBXVariantGroup;
			children = (
				5049C9D32A29BD5800213485 /* Base */,
			);
			name = LaunchScreen.storyboard;
			sourceTree = "<group>";
		};
/* End PBXVariantGroup section */

/* Begin XCBuildConfiguration section */
		5049C9EC2A29BD5800213485 /* Debug */ = {
			isa = XCBuildConfiguration;
			buildSettings = {
				ALWAYS_SEARCH_USER_PATHS = NO;
				CLANG_ANALYZER_NONNULL = YES;
				CLANG_ANALYZER_NUMBER_OBJECT_CONVERSION = YES_AGGRESSIVE;
				CLANG_CXX_LANGUAGE_STANDARD = "gnu++20";
				CLANG_ENABLE_MODULES = YES;
				CLANG_ENABLE_OBJC_ARC = YES;
				CLANG_ENABLE_OBJC_WEAK = YES;
				CLANG_WARN_BLOCK_CAPTURE_AUTORELEASING = YES;
				CLANG_WARN_BOOL_CONVERSION = YES;
				CLANG_WARN_COMMA = YES;
				CLANG_WARN_CONSTANT_CONVERSION = YES;
				CLANG_WARN_DEPRECATED_OBJC_IMPLEMENTATIONS = YES;
				CLANG_WARN_DIRECT_OBJC_ISA_USAGE = YES_ERROR;
				CLANG_WARN_DOCUMENTATION_COMMENTS = YES;
				CLANG_WARN_EMPTY_BODY = YES;
				CLANG_WARN_ENUM_CONVERSION = YES;
				CLANG_WARN_INFINITE_RECURSION = YES;
				CLANG_WARN_INT_CONVERSION = YES;
				CLANG_WARN_NON_LITERAL_NULL_CONVERSION = YES;
				CLANG_WARN_OBJC_IMPLICIT_RETAIN_SELF = YES;
				CLANG_WARN_OBJC_LITERAL_CONVERSION = YES;
				CLANG_WARN_OBJC_ROOT_CLASS = YES_ERROR;
				CLANG_WARN_QUOTED_INCLUDE_IN_FRAMEWORK_HEADER = YES;
				CLANG_WARN_RANGE_LOOP_ANALYSIS = YES;
				CLANG_WARN_STRICT_PROTOTYPES = YES;
				CLANG_WARN_SUSPICIOUS_MOVE = YES;
				CLANG_WARN_UNGUARDED_AVAILABILITY = YES_AGGRESSIVE;
				CLANG_WARN_UNREACHABLE_CODE = YES;
				CLANG_WARN__DUPLICATE_METHOD_MATCH = YES;
				COPY_PHASE_STRIP = NO;
				DEBUG_INFORMATION_FORMAT = dwarf;
				ENABLE_STRICT_OBJC_MSGSEND = YES;
				ENABLE_TESTABILITY = YES;
				GCC_C_LANGUAGE_STANDARD = gnu11;
				GCC_DYNAMIC_NO_PIC = NO;
				GCC_NO_COMMON_BLOCKS = YES;
				GCC_OPTIMIZATION_LEVEL = 0;
				GCC_PREPROCESSOR_DEFINITIONS = (
					"DEBUG=1",
					"$(inherited)",
				);
				GCC_WARN_64_TO_32_BIT_CONVERSION = YES;
				GCC_WARN_ABOUT_RETURN_TYPE = YES_ERROR;
				GCC_WARN_UNDECLARED_SELECTOR = YES;
				GCC_WARN_UNINITIALIZED_AUTOS = YES_AGGRESSIVE;
				GCC_WARN_UNUSED_FUNCTION = YES;
				GCC_WARN_UNUSED_VARIABLE = YES;
				IPHONEOS_DEPLOYMENT_TARGET = 16.4;
				MTL_ENABLE_DEBUG_INFO = INCLUDE_SOURCE;
				MTL_FAST_MATH = YES;
				ONLY_ACTIVE_ARCH = YES;
				SDKROOT = iphoneos;
				SWIFT_ACTIVE_COMPILATION_CONDITIONS = DEBUG;
				SWIFT_OPTIMIZATION_LEVEL = "-Onone";
			};
			name = Debug;
		};
		5049C9ED2A29BD5800213485 /* Release */ = {
			isa = XCBuildConfiguration;
			buildSettings = {
				ALWAYS_SEARCH_USER_PATHS = NO;
				CLANG_ANALYZER_NONNULL = YES;
				CLANG_ANALYZER_NUMBER_OBJECT_CONVERSION = YES_AGGRESSIVE;
				CLANG_CXX_LANGUAGE_STANDARD = "gnu++20";
				CLANG_ENABLE_MODULES = YES;
				CLANG_ENABLE_OBJC_ARC = YES;
				CLANG_ENABLE_OBJC_WEAK = YES;
				CLANG_WARN_BLOCK_CAPTURE_AUTORELEASING = YES;
				CLANG_WARN_BOOL_CONVERSION = YES;
				CLANG_WARN_COMMA = YES;
				CLANG_WARN_CONSTANT_CONVERSION = YES;
				CLANG_WARN_DEPRECATED_OBJC_IMPLEMENTATIONS = YES;
				CLANG_WARN_DIRECT_OBJC_ISA_USAGE = YES_ERROR;
				CLANG_WARN_DOCUMENTATION_COMMENTS = YES;
				CLANG_WARN_EMPTY_BODY = YES;
				CLANG_WARN_ENUM_CONVERSION = YES;
				CLANG_WARN_INFINITE_RECURSION = YES;
				CLANG_WARN_INT_CONVERSION = YES;
				CLANG_WARN_NON_LITERAL_NULL_CONVERSION = YES;
				CLANG_WARN_OBJC_IMPLICIT_RETAIN_SELF = YES;
				CLANG_WARN_OBJC_LITERAL_CONVERSION = YES;
				CLANG_WARN_OBJC_ROOT_CLASS = YES_ERROR;
				CLANG_WARN_QUOTED_INCLUDE_IN_FRAMEWORK_HEADER = YES;
				CLANG_WARN_RANGE_LOOP_ANALYSIS = YES;
				CLANG_WARN_STRICT_PROTOTYPES = YES;
				CLANG_WARN_SUSPICIOUS_MOVE = YES;
				CLANG_WARN_UNGUARDED_AVAILABILITY = YES_AGGRESSIVE;
				CLANG_WARN_UNREACHABLE_CODE = YES;
				CLANG_WARN__DUPLICATE_METHOD_MATCH = YES;
				COPY_PHASE_STRIP = NO;
				DEBUG_INFORMATION_FORMAT = "dwarf-with-dsym";
				ENABLE_NS_ASSERTIONS = NO;
				ENABLE_STRICT_OBJC_MSGSEND = YES;
				GCC_C_LANGUAGE_STANDARD = gnu11;
				GCC_NO_COMMON_BLOCKS = YES;
				GCC_WARN_64_TO_32_BIT_CONVERSION = YES;
				GCC_WARN_ABOUT_RETURN_TYPE = YES_ERROR;
				GCC_WARN_UNDECLARED_SELECTOR = YES;
				GCC_WARN_UNINITIALIZED_AUTOS = YES_AGGRESSIVE;
				GCC_WARN_UNUSED_FUNCTION = YES;
				GCC_WARN_UNUSED_VARIABLE = YES;
				IPHONEOS_DEPLOYMENT_TARGET = 16.4;
				MTL_ENABLE_DEBUG_INFO = NO;
				MTL_FAST_MATH = YES;
				SDKROOT = iphoneos;
				SWIFT_COMPILATION_MODE = wholemodule;
				SWIFT_OPTIMIZATION_LEVEL = "-O";
				VALIDATE_PRODUCT = YES;
			};
			name = Release;
		};
		5049C9EF2A29BD5800213485 /* Debug */ = {
			isa = XCBuildConfiguration;
			buildSettings = {
				ASSETCATALOG_COMPILER_APPICON_NAME = AppIcon;
				ASSETCATALOG_COMPILER_GLOBAL_ACCENT_COLOR_NAME = AccentColor;
				CODE_SIGN_STYLE = Automatic;
				CURRENT_PROJECT_VERSION = 1;
				DEVELOPMENT_TEAM = 93N8646TYF;
				GENERATE_INFOPLIST_FILE = YES;
				INFOPLIST_FILE = WeatherApp/Info.plist;
				INFOPLIST_KEY_UIApplicationSupportsIndirectInputEvents = YES;
				INFOPLIST_KEY_UILaunchStoryboardName = LaunchScreen;
				INFOPLIST_KEY_UIMainStoryboardFile = Main;
				INFOPLIST_KEY_UISupportedInterfaceOrientations_iPad = "UIInterfaceOrientationPortrait UIInterfaceOrientationPortraitUpsideDown UIInterfaceOrientationLandscapeLeft UIInterfaceOrientationLandscapeRight";
				INFOPLIST_KEY_UISupportedInterfaceOrientations_iPhone = "UIInterfaceOrientationPortrait UIInterfaceOrientationLandscapeLeft UIInterfaceOrientationLandscapeRight";
				LD_RUNPATH_SEARCH_PATHS = (
					"$(inherited)",
					"@executable_path/Frameworks",
				);
				MARKETING_VERSION = 1.0;
				PRODUCT_BUNDLE_IDENTIFIER = com.ios.openweather.WeatherApp;
				PRODUCT_NAME = "$(TARGET_NAME)";
				SWIFT_EMIT_LOC_STRINGS = YES;
				SWIFT_VERSION = 5.0;
				TARGETED_DEVICE_FAMILY = "1,2";
			};
			name = Debug;
		};
		5049C9F02A29BD5800213485 /* Release */ = {
			isa = XCBuildConfiguration;
			buildSettings = {
				ASSETCATALOG_COMPILER_APPICON_NAME = AppIcon;
				ASSETCATALOG_COMPILER_GLOBAL_ACCENT_COLOR_NAME = AccentColor;
				CODE_SIGN_STYLE = Automatic;
				CURRENT_PROJECT_VERSION = 1;
				DEVELOPMENT_TEAM = 93N8646TYF;
				GENERATE_INFOPLIST_FILE = YES;
				INFOPLIST_FILE = WeatherApp/Info.plist;
				INFOPLIST_KEY_UIApplicationSupportsIndirectInputEvents = YES;
				INFOPLIST_KEY_UILaunchStoryboardName = LaunchScreen;
				INFOPLIST_KEY_UIMainStoryboardFile = Main;
				INFOPLIST_KEY_UISupportedInterfaceOrientations_iPad = "UIInterfaceOrientationPortrait UIInterfaceOrientationPortraitUpsideDown UIInterfaceOrientationLandscapeLeft UIInterfaceOrientationLandscapeRight";
				INFOPLIST_KEY_UISupportedInterfaceOrientations_iPhone = "UIInterfaceOrientationPortrait UIInterfaceOrientationLandscapeLeft UIInterfaceOrientationLandscapeRight";
				LD_RUNPATH_SEARCH_PATHS = (
					"$(inherited)",
					"@executable_path/Frameworks",
				);
				MARKETING_VERSION = 1.0;
				PRODUCT_BUNDLE_IDENTIFIER = com.ios.openweather.WeatherApp;
				PRODUCT_NAME = "$(TARGET_NAME)";
				SWIFT_EMIT_LOC_STRINGS = YES;
				SWIFT_VERSION = 5.0;
				TARGETED_DEVICE_FAMILY = "1,2";
			};
			name = Release;
		};
		5049C9F22A29BD5800213485 /* Debug */ = {
			isa = XCBuildConfiguration;
			buildSettings = {
				ALWAYS_EMBED_SWIFT_STANDARD_LIBRARIES = YES;
				BUNDLE_LOADER = "$(TEST_HOST)";
				CODE_SIGN_STYLE = Automatic;
				CURRENT_PROJECT_VERSION = 1;
				DEVELOPMENT_TEAM = 93N8646TYF;
				GENERATE_INFOPLIST_FILE = YES;
				IPHONEOS_DEPLOYMENT_TARGET = 16.4;
				MARKETING_VERSION = 1.0;
				PRODUCT_BUNDLE_IDENTIFIER = com.ios.openweather.WeatherAppTests;
				PRODUCT_NAME = "$(TARGET_NAME)";
				SWIFT_EMIT_LOC_STRINGS = NO;
				SWIFT_VERSION = 5.0;
				TARGETED_DEVICE_FAMILY = "1,2";
				TEST_HOST = "$(BUILT_PRODUCTS_DIR)/WeatherApp.app/$(BUNDLE_EXECUTABLE_FOLDER_PATH)/WeatherApp";
			};
			name = Debug;
		};
		5049C9F32A29BD5800213485 /* Release */ = {
			isa = XCBuildConfiguration;
			buildSettings = {
				ALWAYS_EMBED_SWIFT_STANDARD_LIBRARIES = YES;
				BUNDLE_LOADER = "$(TEST_HOST)";
				CODE_SIGN_STYLE = Automatic;
				CURRENT_PROJECT_VERSION = 1;
				DEVELOPMENT_TEAM = 93N8646TYF;
				GENERATE_INFOPLIST_FILE = YES;
				IPHONEOS_DEPLOYMENT_TARGET = 16.4;
				MARKETING_VERSION = 1.0;
				PRODUCT_BUNDLE_IDENTIFIER = com.ios.openweather.WeatherAppTests;
				PRODUCT_NAME = "$(TARGET_NAME)";
				SWIFT_EMIT_LOC_STRINGS = NO;
				SWIFT_VERSION = 5.0;
				TARGETED_DEVICE_FAMILY = "1,2";
				TEST_HOST = "$(BUILT_PRODUCTS_DIR)/WeatherApp.app/$(BUNDLE_EXECUTABLE_FOLDER_PATH)/WeatherApp";
			};
			name = Release;
		};
		5049C9F52A29BD5800213485 /* Debug */ = {
			isa = XCBuildConfiguration;
			buildSettings = {
				ALWAYS_EMBED_SWIFT_STANDARD_LIBRARIES = YES;
				CODE_SIGN_STYLE = Automatic;
				CURRENT_PROJECT_VERSION = 1;
				DEVELOPMENT_TEAM = 93N8646TYF;
				GENERATE_INFOPLIST_FILE = YES;
				MARKETING_VERSION = 1.0;
				PRODUCT_BUNDLE_IDENTIFIER = com.ios.openweather.WeatherAppUITests;
				PRODUCT_NAME = "$(TARGET_NAME)";
				SWIFT_EMIT_LOC_STRINGS = NO;
				SWIFT_VERSION = 5.0;
				TARGETED_DEVICE_FAMILY = "1,2";
				TEST_TARGET_NAME = WeatherApp;
			};
			name = Debug;
		};
		5049C9F62A29BD5800213485 /* Release */ = {
			isa = XCBuildConfiguration;
			buildSettings = {
				ALWAYS_EMBED_SWIFT_STANDARD_LIBRARIES = YES;
				CODE_SIGN_STYLE = Automatic;
				CURRENT_PROJECT_VERSION = 1;
				DEVELOPMENT_TEAM = 93N8646TYF;
				GENERATE_INFOPLIST_FILE = YES;
				MARKETING_VERSION = 1.0;
				PRODUCT_BUNDLE_IDENTIFIER = com.ios.openweather.WeatherAppUITests;
				PRODUCT_NAME = "$(TARGET_NAME)";
				SWIFT_EMIT_LOC_STRINGS = NO;
				SWIFT_VERSION = 5.0;
				TARGETED_DEVICE_FAMILY = "1,2";
				TEST_TARGET_NAME = WeatherApp;
			};
			name = Release;
		};
/* End XCBuildConfiguration section */

/* Begin XCConfigurationList section */
		5049C9BF2A29BD5600213485 /* Build configuration list for PBXProject "WeatherApp" */ = {
			isa = XCConfigurationList;
			buildConfigurations = (
				5049C9EC2A29BD5800213485 /* Debug */,
				5049C9ED2A29BD5800213485 /* Release */,
			);
			defaultConfigurationIsVisible = 0;
			defaultConfigurationName = Release;
		};
		5049C9EE2A29BD5800213485 /* Build configuration list for PBXNativeTarget "WeatherApp" */ = {
			isa = XCConfigurationList;
			buildConfigurations = (
				5049C9EF2A29BD5800213485 /* Debug */,
				5049C9F02A29BD5800213485 /* Release */,
			);
			defaultConfigurationIsVisible = 0;
			defaultConfigurationName = Release;
		};
		5049C9F12A29BD5800213485 /* Build configuration list for PBXNativeTarget "WeatherAppTests" */ = {
			isa = XCConfigurationList;
			buildConfigurations = (
				5049C9F22A29BD5800213485 /* Debug */,
				5049C9F32A29BD5800213485 /* Release */,
			);
			defaultConfigurationIsVisible = 0;
			defaultConfigurationName = Release;
		};
		5049C9F42A29BD5800213485 /* Build configuration list for PBXNativeTarget "WeatherAppUITests" */ = {
			isa = XCConfigurationList;
			buildConfigurations = (
				5049C9F52A29BD5800213485 /* Debug */,
				5049C9F62A29BD5800213485 /* Release */,
			);
			defaultConfigurationIsVisible = 0;
			defaultConfigurationName = Release;
		};
/* End XCConfigurationList section */
	};
	rootObject = 5049C9BC2A29BD5600213485 /* Project object */;
}
